
Microsoft Visual Studio Solution File, Format Version 12.00
# Visual Studio Version 17
VisualStudioVersion = 17.7.34031.279
MinimumVisualStudioVersion = 10.0.40219.1
Project("{8BC9CEB8-8B4A-11D0-8D11-00A0C91BC942}") = "TeamListSet", "TeamListSet\TeamListSet.vcxproj", "{8F374D33-0975-4655-8130-EF3AF8C1CED4}"
EndProject
Project("{8BC9CEB8-8B4A-11D0-8D11-00A0C91BC942}") = "ListSetTests", "ListSetTests\ListSetTests.vcxproj", "{62A545CB-3195-43A3-B327-20C955C0A868}"
EndProject
Global
	GlobalSection(SolutionConfigurationPlatforms) = preSolution
		Debug|x64 = Debug|x64
		Debug|x86 = Debug|x86
		Release|x64 = Release|x64
		Release|x86 = Release|x86
	EndGlobalSection
	GlobalSection(ProjectConfigurationPlatforms) = postSolution
		{8F374D33-0975-4655-8130-EF3AF8C1CED4}.Debug|x64.ActiveCfg = Debug|x64
		{8F374D33-0975-4655-8130-EF3AF8C1CED4}.Debug|x64.Build.0 = Debug|x64
		{8F374D33-0975-4655-8130-EF3AF8C1CED4}.Debug|x86.ActiveCfg = Debug|Win32
		{8F374D33-0975-4655-8130-EF3AF8C1CED4}.Debug|x86.Build.0 = Debug|Win32
		{8F374D33-0975-4655-8130-EF3AF8C1CED4}.Release|x64.ActiveCfg = Release|x64
		{8F374D33-0975-4655-8130-EF3AF8C1CED4}.Release|x64.Build.0 = Release|x64
		{8F374D33-0975-4655-8130-EF3AF8C1CED4}.Release|x86.ActiveCfg = Release|Win32
		{8F374D33-0975-4655-8130-EF3AF8C1CED4}.Release|x86.Build.0 = Release|Win32
		{62A545CB-3195-43A3-B327-20C955C0A868}.Debug|x64.ActiveCfg = Debug|x64
		{62A545CB-3195-43A3-B327-20C955C0A868}.Debug|x64.Build.0 = Debug|x64
		{62A545CB-3195-43A3-B327-20C955C0A868}.Debug|x86.ActiveCfg = Debug|Win32
		{62A545CB-3195-43A3-B327-20C955C0A868}.Debug|x86.Build.0 = Debug|Win32
		{62A545CB-3195-43A3-B327-20C955C0A868}.Release|x64.ActiveCfg = Release|x64
		{62A545CB-3195-43A3-B327-20C955C0A868}.Release|x64.Build.0 = Release|x64
		{62A545CB-3195-43A3-B327-20C955C0A868}.Release|x86.ActiveCfg = Release|Win32
		{62A545CB-3195-43A3-B327-20C955C0A868}.Release|x86.Build.0 = Release|Win32
	EndGlobalSection
	GlobalSection(SolutionProperties) = preSolution
		HideSolutionNode = FALSE
	EndGlobalSection
	GlobalSection(ExtensibilityGlobals) = postSolution
		SolutionGuid = {150AE273-02AC-4CD1-92E1-96F36AA872D3}
	EndGlobalSection
EndGlobal
